
Microsoft Visual Studio Solution File, Format Version 12.00
# Visual Studio Version 17
VisualStudioVersion = 17.5.33424.131
MinimumVisualStudioVersion = 10.0.40219.1
Project("{FAE04EC0-301F-11D3-BF4B-00C04F79EFBC}") = "GDIHatchBrush", "GDIHatchBrush\GDIHatchBrush.csproj", "{DAEBEC81-E0A8-4A2E-A1CA-D925B087BD5E}"
EndProject
Global
	GlobalSection(SolutionConfigurationPlatforms) = preSolution
		Debug|Any CPU = Debug|Any CPU
		Release|Any CPU = Release|Any CPU
	EndGlobalSection
	GlobalSection(ProjectConfigurationPlatforms) = postSolution
		{DAEBEC81-E0A8-4A2E-A1CA-D925B087BD5E}.Debug|Any CPU.ActiveCfg = Debug|Any CPU
		{DAEBEC81-E0A8-4A2E-A1CA-D925B087BD5E}.Debug|Any CPU.Build.0 = Debug|Any CPU
		{DAEBEC81-E0A8-4A2E-A1CA-D925B087BD5E}.Release|Any CPU.ActiveCfg = Release|Any CPU
		{DAEBEC81-E0A8-4A2E-A1CA-D925B087BD5E}.Release|Any CPU.Build.0 = Release|Any CPU
	EndGlobalSection
	GlobalSection(SolutionProperties) = preSolution
		HideSolutionNode = FALSE
	EndGlobalSection
	GlobalSection(ExtensibilityGlobals) = postSolution
		SolutionGuid = {AB773FA9-A712-405E-908D-1796544BD488}
	EndGlobalSection
EndGlobal
